// !$*UTF8*$!
{
	archiveVersion = 1;
	classes = {
	};
	objectVersion = 56;
	objects = {

/* Begin PBXBuildFile section */
		7E4718302AB00CE600BB5D66 /* Color_Theory_VintageApp.swift in Sources */ = {isa = PBXBuildFile; fileRef = 7E47182F2AB00CE600BB5D66 /* Color_Theory_VintageApp.swift */; };
		7E4718322AB00CE600BB5D66 /* ContentView.swift in Sources */ = {isa = PBXBuildFile; fileRef = 7E4718312AB00CE600BB5D66 /* ContentView.swift */; };
		7E4718342AB00CE700BB5D66 /* Assets.xcassets in Resources */ = {isa = PBXBuildFile; fileRef = 7E4718332AB00CE700BB5D66 /* Assets.xcassets */; };
		7E4718372AB00CE700BB5D66 /* Preview Assets.xcassets in Resources */ = {isa = PBXBuildFile; fileRef = 7E4718362AB00CE700BB5D66 /* Preview Assets.xcassets */; };
		7E4718412AB00CE700BB5D66 /* Color_Theory_VintageTests.swift in Sources */ = {isa = PBXBuildFile; fileRef = 7E4718402AB00CE700BB5D66 /* Color_Theory_VintageTests.swift */; };
		7E47184B2AB00CE700BB5D66 /* Color_Theory_VintageUITests.swift in Sources */ = {isa = PBXBuildFile; fileRef = 7E47184A2AB00CE700BB5D66 /* Color_Theory_VintageUITests.swift */; };
		7E47184D2AB00CE700BB5D66 /* Color_Theory_VintageUITestsLaunchTests.swift in Sources */ = {isa = PBXBuildFile; fileRef = 7E47184C2AB00CE700BB5D66 /* Color_Theory_VintageUITestsLaunchTests.swift */; };
/* End PBXBuildFile section */

/* Begin PBXContainerItemProxy section */
		7E47183D2AB00CE700BB5D66 /* PBXContainerItemProxy */ = {
			isa = PBXContainerItemProxy;
			containerPortal = 7E4718242AB00CE600BB5D66 /* Project object */;
			proxyType = 1;
			remoteGlobalIDString = 7E47182B2AB00CE600BB5D66;
			remoteInfo = "Color-Theory-Vintage";
		};
		7E4718472AB00CE700BB5D66 /* PBXContainerItemProxy */ = {
			isa = PBXContainerItemProxy;
			containerPortal = 7E4718242AB00CE600BB5D66 /* Project object */;
			proxyType = 1;
			remoteGlobalIDString = 7E47182B2AB00CE600BB5D66;
			remoteInfo = "Color-Theory-Vintage";
		};
/* End PBXContainerItemProxy section */

/* Begin PBXFileReference section */
		7E47182C2AB00CE600BB5D66 /* Color-Theory-Vintage.app */ = {isa = PBXFileReference; explicitFileType = wrapper.application; includeInIndex = 0; path = "Color-Theory-Vintage.app"; sourceTree = BUILT_PRODUCTS_DIR; };
		7E47182F2AB00CE600BB5D66 /* Color_Theory_VintageApp.swift */ = {isa = PBXFileReference; lastKnownFileType = sourcecode.swift; path = Color_Theory_VintageApp.swift; sourceTree = "<group>"; };
		7E4718312AB00CE600BB5D66 /* ContentView.swift */ = {isa = PBXFileReference; lastKnownFileType = sourcecode.swift; path = ContentView.swift; sourceTree = "<group>"; };
		7E4718332AB00CE700BB5D66 /* Assets.xcassets */ = {isa = PBXFileReference; lastKnownFileType = folder.assetcatalog; path = Assets.xcassets; sourceTree = "<group>"; };
		7E4718362AB00CE700BB5D66 /* Preview Assets.xcassets */ = {isa = PBXFileReference; lastKnownFileType = folder.assetcatalog; path = "Preview Assets.xcassets"; sourceTree = "<group>"; };
		7E47183C2AB00CE700BB5D66 /* Color-Theory-VintageTests.xctest */ = {isa = PBXFileReference; explicitFileType = wrapper.cfbundle; includeInIndex = 0; path = "Color-Theory-VintageTests.xctest"; sourceTree = BUILT_PRODUCTS_DIR; };
		7E4718402AB00CE700BB5D66 /* Color_Theory_VintageTests.swift */ = {isa = PBXFileReference; lastKnownFileType = sourcecode.swift; path = Color_Theory_VintageTests.swift; sourceTree = "<group>"; };
		7E4718462AB00CE700BB5D66 /* Color-Theory-VintageUITests.xctest */ = {isa = PBXFileReference; explicitFileType = wrapper.cfbundle; includeInIndex = 0; path = "Color-Theory-VintageUITests.xctest"; sourceTree = BUILT_PRODUCTS_DIR; };
		7E47184A2AB00CE700BB5D66 /* Color_Theory_VintageUITests.swift */ = {isa = PBXFileReference; lastKnownFileType = sourcecode.swift; path = Color_Theory_VintageUITests.swift; sourceTree = "<group>"; };
		7E47184C2AB00CE700BB5D66 /* Color_Theory_VintageUITestsLaunchTests.swift */ = {isa = PBXFileReference; lastKnownFileType = sourcecode.swift; path = Color_Theory_VintageUITestsLaunchTests.swift; sourceTree = "<group>"; };
/* End PBXFileReference section */

/* Begin PBXFrameworksBuildPhase section */
		7E4718292AB00CE600BB5D66 /* Frameworks */ = {
			isa = PBXFrameworksBuildPhase;
			buildActionMask = 2147483647;
			files = (
			);
			runOnlyForDeploymentPostprocessing = 0;
		};
		7E4718392AB00CE700BB5D66 /* Frameworks */ = {
			isa = PBXFrameworksBuildPhase;
			buildActionMask = 2147483647;
			files = (
			);
			runOnlyForDeploymentPostprocessing = 0;
		};
		7E4718432AB00CE700BB5D66 /* Frameworks */ = {
			isa = PBXFrameworksBuildPhase;
			buildActionMask = 2147483647;
			files = (
			);
			runOnlyForDeploymentPostprocessing = 0;
		};
/* End PBXFrameworksBuildPhase section */

/* Begin PBXGroup section */
		7E4718232AB00CE600BB5D66 = {
			isa = PBXGroup;
			children = (
				7E47182E2AB00CE600BB5D66 /* Color-Theory-Vintage */,
				7E47183F2AB00CE700BB5D66 /* Color-Theory-VintageTests */,
				7E4718492AB00CE700BB5D66 /* Color-Theory-VintageUITests */,
				7E47182D2AB00CE600BB5D66 /* Products */,
			);
			sourceTree = "<group>";
		};
		7E47182D2AB00CE600BB5D66 /* Products */ = {
			isa = PBXGroup;
			children = (
				7E47182C2AB00CE600BB5D66 /* Color-Theory-Vintage.app */,
				7E47183C2AB00CE700BB5D66 /* Color-Theory-VintageTests.xctest */,
				7E4718462AB00CE700BB5D66 /* Color-Theory-VintageUITests.xctest */,
			);
			name = Products;
			sourceTree = "<group>";
		};
		7E47182E2AB00CE600BB5D66 /* Color-Theory-Vintage */ = {
			isa = PBXGroup;
			children = (
				7E47182F2AB00CE600BB5D66 /* Color_Theory_VintageApp.swift */,
				7E4718312AB00CE600BB5D66 /* ContentView.swift */,
				7E4718332AB00CE700BB5D66 /* Assets.xcassets */,
				7E4718352AB00CE700BB5D66 /* Preview Content */,
			);
			path = "Color-Theory-Vintage";
			sourceTree = "<group>";
		};
		7E4718352AB00CE700BB5D66 /* Preview Content */ = {
			isa = PBXGroup;
			children = (
				7E4718362AB00CE700BB5D66 /* Preview Assets.xcassets */,
			);
			path = "Preview Content";
			sourceTree = "<group>";
		};
		7E47183F2AB00CE700BB5D66 /* Color-Theory-VintageTests */ = {
			isa = PBXGroup;
			children = (
				7E4718402AB00CE700BB5D66 /* Color_Theory_VintageTests.swift */,
			);
			path = "Color-Theory-VintageTests";
			sourceTree = "<group>";
		};
		7E4718492AB00CE700BB5D66 /* Color-Theory-VintageUITests */ = {
			isa = PBXGroup;
			children = (
				7E47184A2AB00CE700BB5D66 /* Color_Theory_VintageUITests.swift */,
				7E47184C2AB00CE700BB5D66 /* Color_Theory_VintageUITestsLaunchTests.swift */,
			);
			path = "Color-Theory-VintageUITests";
			sourceTree = "<group>";
		};
/* End PBXGroup section */

/* Begin PBXNativeTarget section */
		7E47182B2AB00CE600BB5D66 /* Color-Theory-Vintage */ = {
			isa = PBXNativeTarget;
			buildConfigurationList = 7E4718502AB00CE700BB5D66 /* Build configuration list for PBXNativeTarget "Color-Theory-Vintage" */;
			buildPhases = (
				7E4718282AB00CE600BB5D66 /* Sources */,
				7E4718292AB00CE600BB5D66 /* Frameworks */,
				7E47182A2AB00CE600BB5D66 /* Resources */,
			);
			buildRules = (
			);
			dependencies = (
			);
			name = "Color-Theory-Vintage";
			productName = "Color-Theory-Vintage";
			productReference = 7E47182C2AB00CE600BB5D66 /* Color-Theory-Vintage.app */;
			productType = "com.apple.product-type.application";
		};
		7E47183B2AB00CE700BB5D66 /* Color-Theory-VintageTests */ = {
			isa = PBXNativeTarget;
			buildConfigurationList = 7E4718532AB00CE700BB5D66 /* Build configuration list for PBXNativeTarget "Color-Theory-VintageTests" */;
			buildPhases = (
				7E4718382AB00CE700BB5D66 /* Sources */,
				7E4718392AB00CE700BB5D66 /* Frameworks */,
				7E47183A2AB00CE700BB5D66 /* Resources */,
			);
			buildRules = (
			);
			dependencies = (
				7E47183E2AB00CE700BB5D66 /* PBXTargetDependency */,
			);
			name = "Color-Theory-VintageTests";
			productName = "Color-Theory-VintageTests";
			productReference = 7E47183C2AB00CE700BB5D66 /* Color-Theory-VintageTests.xctest */;
			productType = "com.apple.product-type.bundle.unit-test";
		};
		7E4718452AB00CE700BB5D66 /* Color-Theory-VintageUITests */ = {
			isa = PBXNativeTarget;
			buildConfigurationList = 7E4718562AB00CE700BB5D66 /* Build configuration list for PBXNativeTarget "Color-Theory-VintageUITests" */;
			buildPhases = (
				7E4718422AB00CE700BB5D66 /* Sources */,
				7E4718432AB00CE700BB5D66 /* Frameworks */,
				7E4718442AB00CE700BB5D66 /* Resources */,
			);
			buildRules = (
			);
			dependencies = (
				7E4718482AB00CE700BB5D66 /* PBXTargetDependency */,
			);
			name = "Color-Theory-VintageUITests";
			productName = "Color-Theory-VintageUITests";
			productReference = 7E4718462AB00CE700BB5D66 /* Color-Theory-VintageUITests.xctest */;
			productType = "com.apple.product-type.bundle.ui-testing";
		};
/* End PBXNativeTarget section */

/* Begin PBXProject section */
		7E4718242AB00CE600BB5D66 /* Project object */ = {
			isa = PBXProject;
			attributes = {
				BuildIndependentTargetsInParallel = 1;
				LastSwiftUpdateCheck = 1430;
				LastUpgradeCheck = 1430;
				TargetAttributes = {
					7E47182B2AB00CE600BB5D66 = {
						CreatedOnToolsVersion = 14.3.1;
					};
					7E47183B2AB00CE700BB5D66 = {
						CreatedOnToolsVersion = 14.3.1;
						TestTargetID = 7E47182B2AB00CE600BB5D66;
					};
					7E4718452AB00CE700BB5D66 = {
						CreatedOnToolsVersion = 14.3.1;
						TestTargetID = 7E47182B2AB00CE600BB5D66;
					};
				};
			};
			buildConfigurationList = 7E4718272AB00CE600BB5D66 /* Build configuration list for PBXProject "Color-Theory-Vintage" */;
			compatibilityVersion = "Xcode 14.0";
			developmentRegion = en;
			hasScannedForEncodings = 0;
			knownRegions = (
				en,
				Base,
			);
			mainGroup = 7E4718232AB00CE600BB5D66;
			productRefGroup = 7E47182D2AB00CE600BB5D66 /* Products */;
			projectDirPath = "";
			projectRoot = "";
			targets = (
				7E47182B2AB00CE600BB5D66 /* Color-Theory-Vintage */,
				7E47183B2AB00CE700BB5D66 /* Color-Theory-VintageTests */,
				7E4718452AB00CE700BB5D66 /* Color-Theory-VintageUITests */,
			);
		};
/* End PBXProject section */

/* Begin PBXResourcesBuildPhase section */
		7E47182A2AB00CE600BB5D66 /* Resources */ = {
			isa = PBXResourcesBuildPhase;
			buildActionMask = 2147483647;
			files = (
				7E4718372AB00CE700BB5D66 /* Preview Assets.xcassets in Resources */,
				7E4718342AB00CE700BB5D66 /* Assets.xcassets in Resources */,
			);
			runOnlyForDeploymentPostprocessing = 0;
		};
		7E47183A2AB00CE700BB5D66 /* Resources */ = {
			isa = PBXResourcesBuildPhase;
			buildActionMask = 2147483647;
			files = (
			);
			runOnlyForDeploymentPostprocessing = 0;
		};
		7E4718442AB00CE700BB5D66 /* Resources */ = {
			isa = PBXResourcesBuildPhase;
			buildActionMask = 2147483647;
			files = (
			);
			runOnlyForDeploymentPostprocessing = 0;
		};
/* End PBXResourcesBuildPhase section */

/* Begin PBXSourcesBuildPhase section */
		7E4718282AB00CE600BB5D66 /* Sources */ = {
			isa = PBXSourcesBuildPhase;
			buildActionMask = 2147483647;
			files = (
				7E4718322AB00CE600BB5D66 /* ContentView.swift in Sources */,
				7E4718302AB00CE600BB5D66 /* Color_Theory_VintageApp.swift in Sources */,
			);
			runOnlyForDeploymentPostprocessing = 0;
		};
		7E4718382AB00CE700BB5D66 /* Sources */ = {
			isa = PBXSourcesBuildPhase;
			buildActionMask = 2147483647;
			files = (
				7E4718412AB00CE700BB5D66 /* Color_Theory_VintageTests.swift in Sources */,
			);
			runOnlyForDeploymentPostprocessing = 0;
		};
		7E4718422AB00CE700BB5D66 /* Sources */ = {
			isa = PBXSourcesBuildPhase;
			buildActionMask = 2147483647;
			files = (
				7E47184D2AB00CE700BB5D66 /* Color_Theory_VintageUITestsLaunchTests.swift in Sources */,
				7E47184B2AB00CE700BB5D66 /* Color_Theory_VintageUITests.swift in Sources */,
			);
			runOnlyForDeploymentPostprocessing = 0;
		};
/* End PBXSourcesBuildPhase section */

/* Begin PBXTargetDependency section */
		7E47183E2AB00CE700BB5D66 /* PBXTargetDependency */ = {
			isa = PBXTargetDependency;
			target = 7E47182B2AB00CE600BB5D66 /* Color-Theory-Vintage */;
			targetProxy = 7E47183D2AB00CE700BB5D66 /* PBXContainerItemProxy */;
		};
		7E4718482AB00CE700BB5D66 /* PBXTargetDependency */ = {
			isa = PBXTargetDependency;
			target = 7E47182B2AB00CE600BB5D66 /* Color-Theory-Vintage */;
			targetProxy = 7E4718472AB00CE700BB5D66 /* PBXContainerItemProxy */;
		};
/* End PBXTargetDependency section */

/* Begin XCBuildConfiguration section */
		7E47184E2AB00CE700BB5D66 /* Debug */ = {
			isa = XCBuildConfiguration;
			buildSettings = {
				ALWAYS_SEARCH_USER_PATHS = NO;
				CLANG_ANALYZER_NONNULL = YES;
				CLANG_ANALYZER_NUMBER_OBJECT_CONVERSION = YES_AGGRESSIVE;
				CLANG_CXX_LANGUAGE_STANDARD = "gnu++20";
				CLANG_ENABLE_MODULES = YES;
				CLANG_ENABLE_OBJC_ARC = YES;
				CLANG_ENABLE_OBJC_WEAK = YES;
				CLANG_WARN_BLOCK_CAPTURE_AUTORELEASING = YES;
				CLANG_WARN_BOOL_CONVERSION = YES;
				CLANG_WARN_COMMA = YES;
				CLANG_WARN_CONSTANT_CONVERSION = YES;
				CLANG_WARN_DEPRECATED_OBJC_IMPLEMENTATIONS = YES;
				CLANG_WARN_DIRECT_OBJC_ISA_USAGE = YES_ERROR;
				CLANG_WARN_DOCUMENTATION_COMMENTS = YES;
				CLANG_WARN_EMPTY_BODY = YES;
				CLANG_WARN_ENUM_CONVERSION = YES;
				CLANG_WARN_INFINITE_RECURSION = YES;
				CLANG_WARN_INT_CONVERSION = YES;
				CLANG_WARN_NON_LITERAL_NULL_CONVERSION = YES;
				CLANG_WARN_OBJC_IMPLICIT_RETAIN_SELF = YES;
				CLANG_WARN_OBJC_LITERAL_CONVERSION = YES;
				CLANG_WARN_OBJC_ROOT_CLASS = YES_ERROR;
				CLANG_WARN_QUOTED_INCLUDE_IN_FRAMEWORK_HEADER = YES;
				CLANG_WARN_RANGE_LOOP_ANALYSIS = YES;
				CLANG_WARN_STRICT_PROTOTYPES = YES;
				CLANG_WARN_SUSPICIOUS_MOVE = YES;
				CLANG_WARN_UNGUARDED_AVAILABILITY = YES_AGGRESSIVE;
				CLANG_WARN_UNREACHABLE_CODE = YES;
				CLANG_WARN__DUPLICATE_METHOD_MATCH = YES;
				COPY_PHASE_STRIP = NO;
				DEBUG_INFORMATION_FORMAT = dwarf;
				ENABLE_STRICT_OBJC_MSGSEND = YES;
				ENABLE_TESTABILITY = YES;
				GCC_C_LANGUAGE_STANDARD = gnu11;
				GCC_DYNAMIC_NO_PIC = NO;
				GCC_NO_COMMON_BLOCKS = YES;
				GCC_OPTIMIZATION_LEVEL = 0;
				GCC_PREPROCESSOR_DEFINITIONS = (
					"DEBUG=1",
					"$(inherited)",
				);
				GCC_WARN_64_TO_32_BIT_CONVERSION = YES;
				GCC_WARN_ABOUT_RETURN_TYPE = YES_ERROR;
				GCC_WARN_UNDECLARED_SELECTOR = YES;
				GCC_WARN_UNINITIALIZED_AUTOS = YES_AGGRESSIVE;
				GCC_WARN_UNUSED_FUNCTION = YES;
				GCC_WARN_UNUSED_VARIABLE = YES;
				IPHONEOS_DEPLOYMENT_TARGET = 16.4;
				MTL_ENABLE_DEBUG_INFO = INCLUDE_SOURCE;
				MTL_FAST_MATH = YES;
				ONLY_ACTIVE_ARCH = YES;
				SDKROOT = iphoneos;
				SWIFT_ACTIVE_COMPILATION_CONDITIONS = DEBUG;
				SWIFT_OPTIMIZATION_LEVEL = "-Onone";
			};
			name = Debug;
		};
		7E47184F2AB00CE700BB5D66 /* Release */ = {
			isa = XCBuildConfiguration;
			buildSettings = {
				ALWAYS_SEARCH_USER_PATHS = NO;
				CLANG_ANALYZER_NONNULL = YES;
				CLANG_ANALYZER_NUMBER_OBJECT_CONVERSION = YES_AGGRESSIVE;
				CLANG_CXX_LANGUAGE_STANDARD = "gnu++20";
				CLANG_ENABLE_MODULES = YES;
				CLANG_ENABLE_OBJC_ARC = YES;
				CLANG_ENABLE_OBJC_WEAK = YES;
				CLANG_WARN_BLOCK_CAPTURE_AUTORELEASING = YES;
				CLANG_WARN_BOOL_CONVERSION = YES;
				CLANG_WARN_COMMA = YES;
				CLANG_WARN_CONSTANT_CONVERSION = YES;
				CLANG_WARN_DEPRECATED_OBJC_IMPLEMENTATIONS = YES;
				CLANG_WARN_DIRECT_OBJC_ISA_USAGE = YES_ERROR;
				CLANG_WARN_DOCUMENTATION_COMMENTS = YES;
				CLANG_WARN_EMPTY_BODY = YES;
				CLANG_WARN_ENUM_CONVERSION = YES;
				CLANG_WARN_INFINITE_RECURSION = YES;
				CLANG_WARN_INT_CONVERSION = YES;
				CLANG_WARN_NON_LITERAL_NULL_CONVERSION = YES;
				CLANG_WARN_OBJC_IMPLICIT_RETAIN_SELF = YES;
				CLANG_WARN_OBJC_LITERAL_CONVERSION = YES;
				CLANG_WARN_OBJC_ROOT_CLASS = YES_ERROR;
				CLANG_WARN_QUOTED_INCLUDE_IN_FRAMEWORK_HEADER = YES;
				CLANG_WARN_RANGE_LOOP_ANALYSIS = YES;
				CLANG_WARN_STRICT_PROTOTYPES = YES;
				CLANG_WARN_SUSPICIOUS_MOVE = YES;
				CLANG_WARN_UNGUARDED_AVAILABILITY = YES_AGGRESSIVE;
				CLANG_WARN_UNREACHABLE_CODE = YES;
				CLANG_WARN__DUPLICATE_METHOD_MATCH = YES;
				COPY_PHASE_STRIP = NO;
				DEBUG_INFORMATION_FORMAT = "dwarf-with-dsym";
				ENABLE_NS_ASSERTIONS = NO;
				ENABLE_STRICT_OBJC_MSGSEND = YES;
				GCC_C_LANGUAGE_STANDARD = gnu11;
				GCC_NO_COMMON_BLOCKS = YES;
				GCC_WARN_64_TO_32_BIT_CONVERSION = YES;
				GCC_WARN_ABOUT_RETURN_TYPE = YES_ERROR;
				GCC_WARN_UNDECLARED_SELECTOR = YES;
				GCC_WARN_UNINITIALIZED_AUTOS = YES_AGGRESSIVE;
				GCC_WARN_UNUSED_FUNCTION = YES;
				GCC_WARN_UNUSED_VARIABLE = YES;
				IPHONEOS_DEPLOYMENT_TARGET = 16.4;
				MTL_ENABLE_DEBUG_INFO = NO;
				MTL_FAST_MATH = YES;
				SDKROOT = iphoneos;
				SWIFT_COMPILATION_MODE = wholemodule;
				SWIFT_OPTIMIZATION_LEVEL = "-O";
				VALIDATE_PRODUCT = YES;
			};
			name = Release;
		};
		7E4718512AB00CE700BB5D66 /* Debug */ = {
			isa = XCBuildConfiguration;
			buildSettings = {
				ASSETCATALOG_COMPILER_APPICON_NAME = AppIcon;
				ASSETCATALOG_COMPILER_GLOBAL_ACCENT_COLOR_NAME = AccentColor;
				CODE_SIGN_STYLE = Automatic;
				CURRENT_PROJECT_VERSION = 1;
				DEVELOPMENT_ASSET_PATHS = "\"Color-Theory-Vintage/Preview Content\"";
				DEVELOPMENT_TEAM = 7V9WB9SVT6;
				ENABLE_PREVIEWS = YES;
				GENERATE_INFOPLIST_FILE = YES;
				INFOPLIST_KEY_UIApplicationSceneManifest_Generation = YES;
				INFOPLIST_KEY_UIApplicationSupportsIndirectInputEvents = YES;
				INFOPLIST_KEY_UILaunchScreen_Generation = YES;
				INFOPLIST_KEY_UISupportedInterfaceOrientations_iPad = "UIInterfaceOrientationPortrait UIInterfaceOrientationPortraitUpsideDown UIInterfaceOrientationLandscapeLeft UIInterfaceOrientationLandscapeRight";
				INFOPLIST_KEY_UISupportedInterfaceOrientations_iPhone = "UIInterfaceOrientationPortrait UIInterfaceOrientationLandscapeLeft UIInterfaceOrientationLandscapeRight";
				LD_RUNPATH_SEARCH_PATHS = (
					"$(inherited)",
					"@executable_path/Frameworks",
				);
				MARKETING_VERSION = 1.0;
				PRODUCT_BUNDLE_IDENTIFIER = "bp02.Color-Theory-Vintage";
				PRODUCT_NAME = "$(TARGET_NAME)";
				SWIFT_EMIT_LOC_STRINGS = YES;
				SWIFT_VERSION = 5.0;
				TARGETED_DEVICE_FAMILY = "1,2";
			};
			name = Debug;
		};
		7E4718522AB00CE700BB5D66 /* Release */ = {
			isa = XCBuildConfiguration;
			buildSettings = {
				ASSETCATALOG_COMPILER_APPICON_NAME = AppIcon;
				ASSETCATALOG_COMPILER_GLOBAL_ACCENT_COLOR_NAME = AccentColor;
				CODE_SIGN_STYLE = Automatic;
				CURRENT_PROJECT_VERSION = 1;
				DEVELOPMENT_ASSET_PATHS = "\"Color-Theory-Vintage/Preview Content\"";
				DEVELOPMENT_TEAM = 7V9WB9SVT6;
				ENABLE_PREVIEWS = YES;
				GENERATE_INFOPLIST_FILE = YES;
				INFOPLIST_KEY_UIApplicationSceneManifest_Generation = YES;
				INFOPLIST_KEY_UIApplicationSupportsIndirectInputEvents = YES;
				INFOPLIST_KEY_UILaunchScreen_Generation = YES;
				INFOPLIST_KEY_UISupportedInterfaceOrientations_iPad = "UIInterfaceOrientationPortrait UIInterfaceOrientationPortraitUpsideDown UIInterfaceOrientationLandscapeLeft UIInterfaceOrientationLandscapeRight";
				INFOPLIST_KEY_UISupportedInterfaceOrientations_iPhone = "UIInterfaceOrientationPortrait UIInterfaceOrientationLandscapeLeft UIInterfaceOrientationLandscapeRight";
				LD_RUNPATH_SEARCH_PATHS = (
					"$(inherited)",
					"@executable_path/Frameworks",
				);
				MARKETING_VERSION = 1.0;
				PRODUCT_BUNDLE_IDENTIFIER = "bp02.Color-Theory-Vintage";
				PRODUCT_NAME = "$(TARGET_NAME)";
				SWIFT_EMIT_LOC_STRINGS = YES;
				SWIFT_VERSION = 5.0;
				TARGETED_DEVICE_FAMILY = "1,2";
			};
			name = Release;
		};
		7E4718542AB00CE700BB5D66 /* Debug */ = {
			isa = XCBuildConfiguration;
			buildSettings = {
				ALWAYS_EMBED_SWIFT_STANDARD_LIBRARIES = YES;
				BUNDLE_LOADER = "$(TEST_HOST)";
				CODE_SIGN_STYLE = Automatic;
				CURRENT_PROJECT_VERSION = 1;
				DEVELOPMENT_TEAM = 7V9WB9SVT6;
				GENERATE_INFOPLIST_FILE = YES;
				IPHONEOS_DEPLOYMENT_TARGET = 16.4;
				MARKETING_VERSION = 1.0;
				PRODUCT_BUNDLE_IDENTIFIER = "bp02.Color-Theory-VintageTests";
				PRODUCT_NAME = "$(TARGET_NAME)";
				SWIFT_EMIT_LOC_STRINGS = NO;
				SWIFT_VERSION = 5.0;
				TARGETED_DEVICE_FAMILY = "1,2";
				TEST_HOST = "$(BUILT_PRODUCTS_DIR)/Color-Theory-Vintage.app/$(BUNDLE_EXECUTABLE_FOLDER_PATH)/Color-Theory-Vintage";
			};
			name = Debug;
		};
		7E4718552AB00CE700BB5D66 /* Release */ = {
			isa = XCBuildConfiguration;
			buildSettings = {
				ALWAYS_EMBED_SWIFT_STANDARD_LIBRARIES = YES;
				BUNDLE_LOADER = "$(TEST_HOST)";
				CODE_SIGN_STYLE = Automatic;
				CURRENT_PROJECT_VERSION = 1;
				DEVELOPMENT_TEAM = 7V9WB9SVT6;
				GENERATE_INFOPLIST_FILE = YES;
				IPHONEOS_DEPLOYMENT_TARGET = 16.4;
				MARKETING_VERSION = 1.0;
				PRODUCT_BUNDLE_IDENTIFIER = "bp02.Color-Theory-VintageTests";
				PRODUCT_NAME = "$(TARGET_NAME)";
				SWIFT_EMIT_LOC_STRINGS = NO;
				SWIFT_VERSION = 5.0;
				TARGETED_DEVICE_FAMILY = "1,2";
				TEST_HOST = "$(BUILT_PRODUCTS_DIR)/Color-Theory-Vintage.app/$(BUNDLE_EXECUTABLE_FOLDER_PATH)/Color-Theory-Vintage";
			};
			name = Release;
		};
		7E4718572AB00CE700BB5D66 /* Debug */ = {
			isa = XCBuildConfiguration;
			buildSettings = {
				ALWAYS_EMBED_SWIFT_STANDARD_LIBRARIES = YES;
				CODE_SIGN_STYLE = Automatic;
				CURRENT_PROJECT_VERSION = 1;
				DEVELOPMENT_TEAM = 7V9WB9SVT6;
				GENERATE_INFOPLIST_FILE = YES;
				MARKETING_VERSION = 1.0;
				PRODUCT_BUNDLE_IDENTIFIER = "bp02.Color-Theory-VintageUITests";
				PRODUCT_NAME = "$(TARGET_NAME)";
				SWIFT_EMIT_LOC_STRINGS = NO;
				SWIFT_VERSION = 5.0;
				TARGETED_DEVICE_FAMILY = "1,2";
				TEST_TARGET_NAME = "Color-Theory-Vintage";
			};
			name = Debug;
		};
		7E4718582AB00CE700BB5D66 /* Release */ = {
			isa = XCBuildConfiguration;
			buildSettings = {
				ALWAYS_EMBED_SWIFT_STANDARD_LIBRARIES = YES;
				CODE_SIGN_STYLE = Automatic;
				CURRENT_PROJECT_VERSION = 1;
				DEVELOPMENT_TEAM = 7V9WB9SVT6;
				GENERATE_INFOPLIST_FILE = YES;
				MARKETING_VERSION = 1.0;
				PRODUCT_BUNDLE_IDENTIFIER = "bp02.Color-Theory-VintageUITests";
				PRODUCT_NAME = "$(TARGET_NAME)";
				SWIFT_EMIT_LOC_STRINGS = NO;
				SWIFT_VERSION = 5.0;
				TARGETED_DEVICE_FAMILY = "1,2";
				TEST_TARGET_NAME = "Color-Theory-Vintage";
			};
			name = Release;
		};
/* End XCBuildConfiguration section */

/* Begin XCConfigurationList section */
		7E4718272AB00CE600BB5D66 /* Build configuration list for PBXProject "Color-Theory-Vintage" */ = {
			isa = XCConfigurationList;
			buildConfigurations = (
				7E47184E2AB00CE700BB5D66 /* Debug */,
				7E47184F2AB00CE700BB5D66 /* Release */,
			);
			defaultConfigurationIsVisible = 0;
			defaultConfigurationName = Release;
		};
		7E4718502AB00CE700BB5D66 /* Build configuration list for PBXNativeTarget "Color-Theory-Vintage" */ = {
			isa = XCConfigurationList;
			buildConfigurations = (
				7E4718512AB00CE700BB5D66 /* Debug */,
				7E4718522AB00CE700BB5D66 /* Release */,
			);
			defaultConfigurationIsVisible = 0;
			defaultConfigurationName = Release;
		};
		7E4718532AB00CE700BB5D66 /* Build configuration list for PBXNativeTarget "Color-Theory-VintageTests" */ = {
			isa = XCConfigurationList;
			buildConfigurations = (
				7E4718542AB00CE700BB5D66 /* Debug */,
				7E4718552AB00CE700BB5D66 /* Release */,
			);
			defaultConfigurationIsVisible = 0;
			defaultConfigurationName = Release;
		};
		7E4718562AB00CE700BB5D66 /* Build configuration list for PBXNativeTarget "Color-Theory-VintageUITests" */ = {
			isa = XCConfigurationList;
			buildConfigurations = (
				7E4718572AB00CE700BB5D66 /* Debug */,
				7E4718582AB00CE700BB5D66 /* Release */,
			);
			defaultConfigurationIsVisible = 0;
			defaultConfigurationName = Release;
		};
/* End XCConfigurationList section */
	};
	rootObject = 7E4718242AB00CE600BB5D66 /* Project object */;
}
